<?xml version="1.0" encoding="utf-8"?>
<Project ToolsVersion="4.0" xmlns="http://schemas.microsoft.com/developer/msbuild/2003">
  <ItemGroup>
    <Filter Include="Source Files">
      <UniqueIdentifier>{4FC737F1-C7A5-4376-A066-2A32D752A2FF}</UniqueIdentifier>
      <Extensions>cpp;c;cc;cxx;def;odl;idl;hpj;bat;asm;asmx</Extensions>
    </Filter>
    <Filter Include="Header Files">
      <UniqueIdentifier>{93995380-89BD-4b04-88EB-625FBE52EBFB}</UniqueIdentifier>
      <Extensions>h;hh;hpp;hxx;hm;inl;inc;xsd</Extensions>
    </Filter>
    <Filter Include="Source Files\render">
      <UniqueIdentifier>{8d90e6b8-1f07-43d8-a78d-8f76303db10b}</UniqueIdentifier>
    </Filter>
    <Filter Include="Source Files\common">
      <UniqueIdentifier>{5c36e4c5-6d31-47f9-b11a-48f91840e315}</UniqueIdentifier>
    </Filter>
    <Filter Include="Source Files\audio">
      <UniqueIdentifier>{a99e5fc5-e68e-4416-9ac1-bcd4b434f8ee}</UniqueIdentifier>
    </Filter>
    <Filter Include="Source Files\platform">
      <UniqueIdentifier>{059c4d61-e380-4633-b57e-c7c20ebd1cc8}</UniqueIdentifier>
    </Filter>
    <Filter Include="Source Files\app">
      <UniqueIdentifier>{79a33be3-98d3-4757-96e6-07c4ff5841b6}</UniqueIdentifier>
    </Filter>
    <Filter Include="Header Files\app">
      <UniqueIdentifier>{b695ce98-6829-467a-907e-d8367bcd7b00}</UniqueIdentifier>
    </Filter>
    <Filter Include="Header Files\audio">
      <UniqueIdentifier>{645473f8-b745-490b-9589-62ed2eec6a2c}</UniqueIdentifier>
    </Filter>
    <Filter Include="Header Files\common">
      <UniqueIdentifier>{82343ad2-8800-471f-9173-e0db2e9888cc}</UniqueIdentifier>
    </Filter>
    <Filter Include="Header Files\render">
      <UniqueIdentifier>{8af98213-d517-400c-9b15-50467ff64e79}</UniqueIdentifier>
    </Filter>
    <Filter Include="Header Files\platform">
      <UniqueIdentifier>{cf967523-70c1-4ddd-892a-a3ec26effd21}</UniqueIdentifier>
    </Filter>
    <Filter Include="Resources">
      <UniqueIdentifier>{47abcc75-ae0d-498b-aebc-fb11ee15b3e7}</UniqueIdentifier>
    </Filter>
  </ItemGroup>
  <ItemGroup>
    <ClCompile Include="common\Object.cpp">
      <Filter>Source Files\common</Filter>
    </ClCompile>
    <ClCompile Include="common\Error.cpp">
      <Filter>Source Files\common</Filter>
    </ClCompile>
    <ClCompile Include="common\CFMaths.cpp">
      <Filter>Source Files\common</Filter>
    </ClCompile>
    <ClCompile Include="platform\Window.cpp">
      <Filter>Source Files\platform</Filter>
    </ClCompile>
    <ClCompile Include="platform\Main.cpp">
      <Filter>Source Files\platform</Filter>
    </ClCompile>
    <ClCompile Include="app\Synthadeus.cpp">
      <Filter>Source Files\app</Filter>
    </ClCompile>
    <ClCompile Include="render\Line.cpp">
      <Filter>Source Files\render</Filter>
    </ClCompile>
    <ClCompile Include="common\Vector2D.cpp">
      <Filter>Source Files\render</Filter>
    </ClCompile>
    <ClCompile Include="app\MainWindow.cpp">
      <Filter>Source Files\app</Filter>
    </ClCompile>
    <ClCompile Include="platform\InputDeviceState.cpp">
      <Filter>Source Files\platform</Filter>
    </ClCompile>
    <ClCompile Include="render\Render2D.cpp">
      <Filter>Source Files\render</Filter>
    </ClCompile>
    <ClCompile Include="render\BackgroundGrid.cpp">
      <Filter>Source Files\render</Filter>
    </ClCompile>
    <ClCompile Include="render\Text.cpp">
      <Filter>Source Files\render</Filter>
    </ClCompile>
    <ClCompile Include="Rectangle.cpp">
      <Filter>Source Files\render</Filter>
    </ClCompile>
    <ClCompile Include="RoundedRectangle.cpp">
      <Filter>Source Files\render</Filter>
    </ClCompile>
  </ItemGroup>
  <ItemGroup>
    <ClInclude Include="common\CFMaths.h">
      <Filter>Header Files\common</Filter>
    </ClInclude>
    <ClInclude Include="common\Error.h">
      <Filter>Header Files\common</Filter>
    </ClInclude>
    <ClInclude Include="common\Object.h">
      <Filter>Header Files\common</Filter>
    </ClInclude>
    <ClInclude Include="platform\Window.h">
      <Filter>Header Files\platform</Filter>
    </ClInclude>
    <ClInclude Include="platform\resource.h">
      <Filter>Header Files\platform</Filter>
    </ClInclude>
    <ClInclude Include="app\Synthadeus.h">
      <Filter>Header Files\app</Filter>
    </ClInclude>
    <ClInclude Include="render\BezierCurve.h">
      <Filter>Header Files\render</Filter>
    </ClInclude>
    <ClInclude Include="render\Line.h">
      <Filter>Header Files\render</Filter>
    </ClInclude>
    <ClInclude Include="render\Renderable.h">
      <Filter>Header Files\render</Filter>
    </ClInclude>
    <ClInclude Include="common\Vector2D.h">
      <Filter>Header Files\render</Filter>
    </ClInclude>
    <ClInclude Include="app\MainWindow.h">
      <Filter>Header Files\app</Filter>
    </ClInclude>
    <ClInclude Include="platform\InputDeviceState.h">
      <Filter>Header Files\platform</Filter>
    </ClInclude>
    <ClInclude Include="render\Render2D.h">
      <Filter>Header Files\render</Filter>
    </ClInclude>
    <ClInclude Include="render\BackgroundGrid.h">
      <Filter>Header Files\render</Filter>
    </ClInclude>
    <ClInclude Include="render\Text.h">
      <Filter>Header Files\render</Filter>
    </ClInclude>
    <ClInclude Include="Rectangle.h">
      <Filter>Header Files\render</Filter>
    </ClInclude>
    <ClInclude Include="RoundedRectangle.h">
      <Filter>Header Files\render</Filter>
    </ClInclude>
  </ItemGroup>
  <ItemGroup>
    <Image Include="SynthadeusIcon.ico">
      <Filter>Resources</Filter>
    </Image>
  </ItemGroup>
  <ItemGroup>
    <ResourceCompile Include="platform\Resource.rc">
      <Filter>Resources</Filter>
    </ResourceCompile>
  </ItemGroup>
</Project>