<?xml version="1.0" encoding="utf-8"?>
<Project ToolsVersion="4.0" xmlns="http://schemas.microsoft.com/developer/msbuild/2003">
  <ItemGroup>
    <Filter Include="Source Files">
      <UniqueIdentifier>{4FC737F1-C7A5-4376-A066-2A32D752A2FF}</UniqueIdentifier>
      <Extensions>cpp;c;cc;cxx;def;odl;idl;hpj;bat;asm;asmx</Extensions>
    </Filter>
    <Filter Include="Header Files">
      <UniqueIdentifier>{93995380-89BD-4b04-88EB-625FBE52EBFB}</UniqueIdentifier>
      <Extensions>h;hh;hpp;hxx;hm;inl;inc;xsd</Extensions>
    </Filter>
    <Filter Include="Source Files\render">
      <UniqueIdentifier>{8d90e6b8-1f07-43d8-a78d-8f76303db10b}</UniqueIdentifier>
    </Filter>
    <Filter Include="Source Files\audio">
      <UniqueIdentifier>{a99e5fc5-e68e-4416-9ac1-bcd4b434f8ee}</UniqueIdentifier>
    </Filter>
    <Filter Include="Source Files\platform">
      <UniqueIdentifier>{059c4d61-e380-4633-b57e-c7c20ebd1cc8}</UniqueIdentifier>
    </Filter>
    <Filter Include="Source Files\app">
      <UniqueIdentifier>{79a33be3-98d3-4757-96e6-07c4ff5841b6}</UniqueIdentifier>
    </Filter>
    <Filter Include="Header Files\app">
      <UniqueIdentifier>{b695ce98-6829-467a-907e-d8367bcd7b00}</UniqueIdentifier>
    </Filter>
    <Filter Include="Header Files\audio">
      <UniqueIdentifier>{645473f8-b745-490b-9589-62ed2eec6a2c}</UniqueIdentifier>
    </Filter>
    <Filter Include="Header Files\common">
      <UniqueIdentifier>{82343ad2-8800-471f-9173-e0db2e9888cc}</UniqueIdentifier>
    </Filter>
    <Filter Include="Header Files\render">
      <UniqueIdentifier>{8af98213-d517-400c-9b15-50467ff64e79}</UniqueIdentifier>
    </Filter>
    <Filter Include="Header Files\platform">
      <UniqueIdentifier>{cf967523-70c1-4ddd-892a-a3ec26effd21}</UniqueIdentifier>
    </Filter>
    <Filter Include="Resources">
      <UniqueIdentifier>{47abcc75-ae0d-498b-aebc-fb11ee15b3e7}</UniqueIdentifier>
    </Filter>
    <Filter Include="Source Files\render\geoms">
      <UniqueIdentifier>{bc546590-1d6c-4014-8a2f-47ad0a3a9f84}</UniqueIdentifier>
    </Filter>
    <Filter Include="Header Files\render\geoms">
      <UniqueIdentifier>{c3bfe80d-5794-41f6-9c74-82b70f36ea08}</UniqueIdentifier>
    </Filter>
    <Filter Include="Header Files\ux_comp">
      <UniqueIdentifier>{616967a3-e5bd-44ba-9872-464cdc2bb391}</UniqueIdentifier>
    </Filter>
    <Filter Include="Source Files\ux_comp">
      <UniqueIdentifier>{9760c66d-2795-4f61-a733-d069dc1f47d4}</UniqueIdentifier>
    </Filter>
    <Filter Include="Header Files\ux_comp\base">
      <UniqueIdentifier>{7fcd9226-3b03-4525-8547-229b800b2916}</UniqueIdentifier>
    </Filter>
    <Filter Include="Source Files\ux_comp\base">
      <UniqueIdentifier>{e9a1e154-9e21-4684-a1a7-9238367350d9}</UniqueIdentifier>
    </Filter>
    <Filter Include="Header Files\audio\external">
      <UniqueIdentifier>{e8a35980-1195-4d5c-b6dc-f3378a8cb48e}</UniqueIdentifier>
    </Filter>
    <Filter Include="Header Files\audio\graph">
      <UniqueIdentifier>{0e2e7e76-bace-4486-ba27-d4eedb340a62}</UniqueIdentifier>
    </Filter>
    <Filter Include="Source Files\audio\graph">
      <UniqueIdentifier>{603ff363-013c-494a-9d5a-a1d8850a78f0}</UniqueIdentifier>
    </Filter>
    <Filter Include="Source Files\common">
      <UniqueIdentifier>{5c36e4c5-6d31-47f9-b11a-48f91840e315}</UniqueIdentifier>
    </Filter>
    <Filter Include="Binaries">
      <UniqueIdentifier>{309ac8d0-5b59-4efd-bb5a-280eea479976}</UniqueIdentifier>
    </Filter>
    <Filter Include="Binaries\portaudio">
      <UniqueIdentifier>{44a6d1b5-b6ca-4654-b8ed-4740e065973c}</UniqueIdentifier>
    </Filter>
    <Filter Include="Binaries\portmidi">
      <UniqueIdentifier>{532372f3-e963-4c13-89a1-9b64575825dd}</UniqueIdentifier>
    </Filter>
    <Filter Include="Binaries\portaudio_ASIO">
      <UniqueIdentifier>{91cb626c-8f42-4a4b-a35b-5b06cb8586d7}</UniqueIdentifier>
    </Filter>
    <Filter Include="Binaries\portaudio_ASIO\release">
      <UniqueIdentifier>{d1da98cc-434c-4e6b-a3c8-8605c11d8f19}</UniqueIdentifier>
    </Filter>
    <Filter Include="Binaries\portaudio_ASIO\debug">
      <UniqueIdentifier>{98af495c-d8a8-43a3-aed7-8951766c7421}</UniqueIdentifier>
    </Filter>
    <Filter Include="Binaries\portmidi\release">
      <UniqueIdentifier>{d5a33a92-4f0e-40dd-b290-9c34c8a1d988}</UniqueIdentifier>
    </Filter>
    <Filter Include="Binaries\portmidi\debug">
      <UniqueIdentifier>{49d8070d-1e6f-4533-bd7a-d4c755205805}</UniqueIdentifier>
    </Filter>
    <Filter Include="Binaries\portaudio\release">
      <UniqueIdentifier>{6e3e419b-4312-41fc-bb37-7d19676f31f2}</UniqueIdentifier>
    </Filter>
    <Filter Include="Binaries\portaudio\debug">
      <UniqueIdentifier>{b01e396c-588f-449f-943c-b2017888ded2}</UniqueIdentifier>
    </Filter>
  </ItemGroup>
  <ItemGroup>
    <ClCompile Include="common\Object.cpp">
      <Filter>Source Files\common</Filter>
    </ClCompile>
    <ClCompile Include="common\Error.cpp">
      <Filter>Source Files\common</Filter>
    </ClCompile>
    <ClCompile Include="common\CFMaths.cpp">
      <Filter>Source Files\common</Filter>
    </ClCompile>
    <ClCompile Include="platform\Window.cpp">
      <Filter>Source Files\platform</Filter>
    </ClCompile>
    <ClCompile Include="platform\Main.cpp">
      <Filter>Source Files\platform</Filter>
    </ClCompile>
    <ClCompile Include="app\Synthadeus.cpp">
      <Filter>Source Files\app</Filter>
    </ClCompile>
    <ClCompile Include="common\Vector2D.cpp">
      <Filter>Source Files\render</Filter>
    </ClCompile>
    <ClCompile Include="app\MainWindow.cpp">
      <Filter>Source Files\app</Filter>
    </ClCompile>
    <ClCompile Include="render\Render2D.cpp">
      <Filter>Source Files\render</Filter>
    </ClCompile>
    <ClCompile Include="render\geoms\BackgroundGrid.cpp">
      <Filter>Source Files\render\geoms</Filter>
    </ClCompile>
    <ClCompile Include="render\geoms\Line.cpp">
      <Filter>Source Files\render\geoms</Filter>
    </ClCompile>
    <ClCompile Include="render\geoms\Rectangle2.cpp">
      <Filter>Source Files\render\geoms</Filter>
    </ClCompile>
    <ClCompile Include="render\geoms\RoundedRectangle.cpp">
      <Filter>Source Files\render\geoms</Filter>
    </ClCompile>
    <ClCompile Include="render\geoms\Text.cpp">
      <Filter>Source Files\render\geoms</Filter>
    </ClCompile>
    <ClCompile Include="ux_comp\base\ButtonBase.cpp">
      <Filter>Source Files\ux_comp\base</Filter>
    </ClCompile>
    <ClCompile Include="ux_comp\Button.cpp">
      <Filter>Source Files\ux_comp</Filter>
    </ClCompile>
    <ClCompile Include="ux_comp\GridBase.cpp">
      <Filter>Source Files\ux_comp</Filter>
    </ClCompile>
    <ClCompile Include="ux_comp\Node.cpp">
      <Filter>Source Files\ux_comp</Filter>
    </ClCompile>
    <ClCompile Include="ux_comp\Slider.cpp">
      <Filter>Source Files\ux_comp</Filter>
    </ClCompile>
    <ClCompile Include="ux_comp\base\SliderBase.cpp">
      <Filter>Source Files\ux_comp\base</Filter>
    </ClCompile>
    <ClCompile Include="platform\InputDevice.cpp">
      <Filter>Source Files\platform</Filter>
    </ClCompile>
    <ClCompile Include="ux_comp\Connector.cpp">
      <Filter>Source Files\ux_comp</Filter>
    </ClCompile>
    <ClCompile Include="ux_comp\CommandMenu.cpp">
      <Filter>Source Files\ux_comp</Filter>
    </ClCompile>
    <ClCompile Include="audio\graph\AudioConstant.cpp">
      <Filter>Source Files\audio\graph</Filter>
    </ClCompile>
    <ClCompile Include="audio\graph\AudioNode.cpp">
      <Filter>Source Files\audio\graph</Filter>
    </ClCompile>
    <ClCompile Include="audio\AudioPlayback.cpp">
      <Filter>Source Files\audio</Filter>
    </ClCompile>
    <ClCompile Include="audio\graph\BezierEnvelope.cpp">
      <Filter>Source Files\audio\graph</Filter>
    </ClCompile>
    <ClCompile Include="audio\graph\SignalSummation.cpp">
      <Filter>Source Files\audio\graph</Filter>
    </ClCompile>
    <ClCompile Include="audio\graph\Oscillator.cpp">
      <Filter>Source Files\audio\graph</Filter>
    </ClCompile>
  </ItemGroup>
  <ItemGroup>
    <ClInclude Include="common\CFMaths.h">
      <Filter>Header Files\common</Filter>
    </ClInclude>
    <ClInclude Include="common\Error.h">
      <Filter>Header Files\common</Filter>
    </ClInclude>
    <ClInclude Include="common\Object.h">
      <Filter>Header Files\common</Filter>
    </ClInclude>
    <ClInclude Include="platform\Window.h">
      <Filter>Header Files\platform</Filter>
    </ClInclude>
    <ClInclude Include="platform\resource.h">
      <Filter>Header Files\platform</Filter>
    </ClInclude>
    <ClInclude Include="app\Synthadeus.h">
      <Filter>Header Files\app</Filter>
    </ClInclude>
    <ClInclude Include="render\Renderable.h">
      <Filter>Header Files\render</Filter>
    </ClInclude>
    <ClInclude Include="common\Vector2D.h">
      <Filter>Header Files\render</Filter>
    </ClInclude>
    <ClInclude Include="app\MainWindow.h">
      <Filter>Header Files\app</Filter>
    </ClInclude>
    <ClInclude Include="render\Render2D.h">
      <Filter>Header Files\render</Filter>
    </ClInclude>
    <ClInclude Include="ux_comp\Component.h">
      <Filter>Header Files\ux_comp</Filter>
    </ClInclude>
    <ClInclude Include="render\Palettes.h">
      <Filter>Header Files\render</Filter>
    </ClInclude>
    <ClInclude Include="render\Renderables.h">
      <Filter>Header Files\render</Filter>
    </ClInclude>
    <ClInclude Include="render\geoms\BackgroundGrid.h">
      <Filter>Header Files\render\geoms</Filter>
    </ClInclude>
    <ClInclude Include="render\geoms\BezierCurve.h">
      <Filter>Header Files\render\geoms</Filter>
    </ClInclude>
    <ClInclude Include="render\geoms\Line.h">
      <Filter>Header Files\render\geoms</Filter>
    </ClInclude>
    <ClInclude Include="render\geoms\Rectangle2.h">
      <Filter>Header Files\render\geoms</Filter>
    </ClInclude>
    <ClInclude Include="render\geoms\RoundedRectangle.h">
      <Filter>Header Files\render\geoms</Filter>
    </ClInclude>
    <ClInclude Include="render\geoms\Text.h">
      <Filter>Header Files\render\geoms</Filter>
    </ClInclude>
    <ClInclude Include="ux_comp\base\ButtonBase.h">
      <Filter>Header Files\ux_comp\base</Filter>
    </ClInclude>
    <ClInclude Include="ux_comp\Button.h">
      <Filter>Header Files\ux_comp</Filter>
    </ClInclude>
    <ClInclude Include="ux_comp\GridBase.h">
      <Filter>Header Files\ux_comp</Filter>
    </ClInclude>
    <ClInclude Include="ux_comp\Node.h">
      <Filter>Header Files\ux_comp</Filter>
    </ClInclude>
    <ClInclude Include="ux_comp\Slider.h">
      <Filter>Header Files\ux_comp</Filter>
    </ClInclude>
    <ClInclude Include="ux_comp\base\SliderBase.h">
      <Filter>Header Files\ux_comp\base</Filter>
    </ClInclude>
    <ClInclude Include="common\Bezier.h">
      <Filter>Header Files\common</Filter>
    </ClInclude>
    <ClInclude Include="platform\InputDevice.h">
      <Filter>Header Files\platform</Filter>
    </ClInclude>
    <ClInclude Include="ux_comp\Connector.h">
      <Filter>Header Files\ux_comp</Filter>
    </ClInclude>
    <ClInclude Include="audio\AudioPlayback.h">
      <Filter>Header Files\audio</Filter>
    </ClInclude>
    <ClInclude Include="audio\external\porttime.h">
      <Filter>Header Files\audio\external</Filter>
    </ClInclude>
    <ClInclude Include="audio\external\pa_asio.h">
      <Filter>Header Files\audio\external</Filter>
    </ClInclude>
    <ClInclude Include="audio\external\pa_jack.h">
      <Filter>Header Files\audio\external</Filter>
    </ClInclude>
    <ClInclude Include="audio\external\pa_linux_alsa.h">
      <Filter>Header Files\audio\external</Filter>
    </ClInclude>
    <ClInclude Include="audio\external\pa_mac_core.h">
      <Filter>Header Files\audio\external</Filter>
    </ClInclude>
    <ClInclude Include="audio\external\pa_win_ds.h">
      <Filter>Header Files\audio\external</Filter>
    </ClInclude>
    <ClInclude Include="audio\external\pa_win_wasapi.h">
      <Filter>Header Files\audio\external</Filter>
    </ClInclude>
    <ClInclude Include="audio\external\pa_win_waveformat.h">
      <Filter>Header Files\audio\external</Filter>
    </ClInclude>
    <ClInclude Include="audio\external\pa_win_wdmks.h">
      <Filter>Header Files\audio\external</Filter>
    </ClInclude>
    <ClInclude Include="audio\external\pa_win_wmme.h">
      <Filter>Header Files\audio\external</Filter>
    </ClInclude>
    <ClInclude Include="audio\external\portaudio.h">
      <Filter>Header Files\audio\external</Filter>
    </ClInclude>
    <ClInclude Include="audio\external\portmidi.h">
      <Filter>Header Files\audio\external</Filter>
    </ClInclude>
    <ClInclude Include="ux_comp\CommandMenu.h">
      <Filter>Header Files\ux_comp</Filter>
    </ClInclude>
    <ClInclude Include="audio\graph\AudioConstant.h">
      <Filter>Header Files\audio\graph</Filter>
    </ClInclude>
    <ClInclude Include="audio\graph\AudioNode.h">
      <Filter>Header Files\audio\graph</Filter>
    </ClInclude>
    <ClInclude Include="audio\graph\BezierEnvelope.h">
      <Filter>Header Files\audio\graph</Filter>
    </ClInclude>
    <ClInclude Include="audio\graph\AudioPlaybackPosition.h">
      <Filter>Header Files\audio\graph</Filter>
    </ClInclude>
    <ClInclude Include="audio\graph\Oscillator.h">
      <Filter>Header Files\audio\graph</Filter>
    </ClInclude>
    <ClInclude Include="audio\graph\SignalSummation.h">
      <Filter>Header Files\audio\graph</Filter>
    </ClInclude>
  </ItemGroup>
  <ItemGroup>
    <Image Include="SynthadeusIcon.ico">
      <Filter>Resources</Filter>
    </Image>
  </ItemGroup>
  <ItemGroup>
    <ResourceCompile Include="platform\Resource.rc">
      <Filter>Resources</Filter>
    </ResourceCompile>
  </ItemGroup>
  <ItemGroup>
    <None Include="portmidi\release\portmidi.dll">
      <Filter>Binaries\portmidi\release</Filter>
    </None>
    <None Include="portmidi\debug\portmidi.dll">
      <Filter>Binaries\portmidi\debug</Filter>
    </None>
    <None Include="portaudio_ASIO\release\portaudio_x86.dll">
      <Filter>Binaries\portaudio_ASIO\release</Filter>
    </None>
    <None Include="portaudio_ASIO\debug\portaudio_x86.dll">
      <Filter>Binaries\portaudio_ASIO\debug</Filter>
    </None>
    <None Include="portaudio\release\portaudio_x86.dll">
      <Filter>Binaries\portaudio\release</Filter>
    </None>
    <None Include="portaudio\debug\portaudio_x86.dll">
      <Filter>Binaries\portaudio\debug</Filter>
    </None>
  </ItemGroup>
  <ItemGroup>
    <Library Include="portmidi\release\portmidi.lib">
      <Filter>Binaries\portmidi\release</Filter>
    </Library>
    <Library Include="portmidi\debug\portmidi.lib">
      <Filter>Binaries\portmidi\debug</Filter>
    </Library>
    <Library Include="portaudio_ASIO\release\portaudio_x86.lib">
      <Filter>Binaries\portaudio_ASIO\release</Filter>
    </Library>
    <Library Include="portaudio_ASIO\debug\portaudio_x86.lib">
      <Filter>Binaries\portaudio_ASIO\debug</Filter>
    </Library>
    <Library Include="portaudio\release\portaudio_x86.lib">
      <Filter>Binaries\portaudio\release</Filter>
    </Library>
    <Library Include="portaudio\debug\portaudio_x86.lib">
      <Filter>Binaries\portaudio\debug</Filter>
    </Library>
  </ItemGroup>
</Project>